
Microsoft Visual Studio Solution File, Format Version 12.00
# Visual Studio 15
VisualStudioVersion = 15.0.28010.2026
MinimumVisualStudioVersion = 10.0.40219.1
Project("{9A19103F-16F7-4668-BE54-9A1E7A4F7556}") = "KitchenAid", "SeleniumPageFactory\KitchenAid.csproj", "{7FB5412E-47CC-48B9-A977-8AF153C8F703}"
EndProject
Project("{9A19103F-16F7-4668-BE54-9A1E7A4F7556}") = "KitchenAidTests", "UnitTestProject1\KitchenAidTests.csproj", "{36D92E6B-0634-480C-B24C-5EAD14EF2E83}"
EndProject
Project("{9A19103F-16F7-4668-BE54-9A1E7A4F7556}") = "TiendaWhirlpool", "TiendaWhirlpool\TiendaWhirlpool.csproj", "{769C39CE-F87D-48FB-A1A4-ED15CC5B4378}"
EndProject
Project("{9A19103F-16F7-4668-BE54-9A1E7A4F7556}") = "TiendaWhirlpoolTests", "TiendaWhirlpoolTests\TiendaWhirlpoolTests.csproj", "{167D8BB5-E0A5-4736-8FDE-43F35019DE60}"
EndProject
Project("{FAE04EC0-301F-11D3-BF4B-00C04F79EFBC}") = "Whirlpool", "Whirlpool\Whirlpool.csproj", "{11899E3E-6B44-4FDC-928D-4C451708B734}"
EndProject
Project("{FAE04EC0-301F-11D3-BF4B-00C04F79EFBC}") = "SharedClasses", "SharedClasses\SharedClasses.csproj", "{0B02863F-0A35-40C8-97B9-BD58AD1FF9EC}"
EndProject
Project("{FAE04EC0-301F-11D3-BF4B-00C04F79EFBC}") = "WhirlpoolTest", "WhirlpoolTest\WhirlpoolTest.csproj", "{A375CB71-61E3-4F86-8D58-96EF10BFD9AF}"
EndProject
Project("{FAE04EC0-301F-11D3-BF4B-00C04F79EFBC}") = "Maytag", "Maytag\Maytag.csproj", "{EEB16673-B260-431C-9E1F-682586AF047B}"
EndProject
Project("{FAE04EC0-301F-11D3-BF4B-00C04F79EFBC}") = "MaytagTests", "MaytagTests\MaytagTests.csproj", "{35698865-70E6-44AB-B987-82C150A42D84}"
EndProject
Global
	GlobalSection(SolutionConfigurationPlatforms) = preSolution
		Debug|Any CPU = Debug|Any CPU
		Release|Any CPU = Release|Any CPU
	EndGlobalSection
	GlobalSection(ProjectConfigurationPlatforms) = postSolution
		{7FB5412E-47CC-48B9-A977-8AF153C8F703}.Debug|Any CPU.ActiveCfg = Debug|Any CPU
		{7FB5412E-47CC-48B9-A977-8AF153C8F703}.Debug|Any CPU.Build.0 = Debug|Any CPU
		{7FB5412E-47CC-48B9-A977-8AF153C8F703}.Release|Any CPU.ActiveCfg = Release|Any CPU
		{7FB5412E-47CC-48B9-A977-8AF153C8F703}.Release|Any CPU.Build.0 = Release|Any CPU
		{36D92E6B-0634-480C-B24C-5EAD14EF2E83}.Debug|Any CPU.ActiveCfg = Debug|Any CPU
		{36D92E6B-0634-480C-B24C-5EAD14EF2E83}.Debug|Any CPU.Build.0 = Debug|Any CPU
		{36D92E6B-0634-480C-B24C-5EAD14EF2E83}.Release|Any CPU.ActiveCfg = Release|Any CPU
		{36D92E6B-0634-480C-B24C-5EAD14EF2E83}.Release|Any CPU.Build.0 = Release|Any CPU
		{769C39CE-F87D-48FB-A1A4-ED15CC5B4378}.Debug|Any CPU.ActiveCfg = Debug|Any CPU
		{769C39CE-F87D-48FB-A1A4-ED15CC5B4378}.Debug|Any CPU.Build.0 = Debug|Any CPU
		{769C39CE-F87D-48FB-A1A4-ED15CC5B4378}.Release|Any CPU.ActiveCfg = Release|Any CPU
		{769C39CE-F87D-48FB-A1A4-ED15CC5B4378}.Release|Any CPU.Build.0 = Release|Any CPU
		{167D8BB5-E0A5-4736-8FDE-43F35019DE60}.Debug|Any CPU.ActiveCfg = Debug|Any CPU
		{167D8BB5-E0A5-4736-8FDE-43F35019DE60}.Debug|Any CPU.Build.0 = Debug|Any CPU
		{167D8BB5-E0A5-4736-8FDE-43F35019DE60}.Release|Any CPU.ActiveCfg = Release|Any CPU
		{167D8BB5-E0A5-4736-8FDE-43F35019DE60}.Release|Any CPU.Build.0 = Release|Any CPU
		{11899E3E-6B44-4FDC-928D-4C451708B734}.Debug|Any CPU.ActiveCfg = Debug|Any CPU
		{11899E3E-6B44-4FDC-928D-4C451708B734}.Debug|Any CPU.Build.0 = Debug|Any CPU
		{11899E3E-6B44-4FDC-928D-4C451708B734}.Release|Any CPU.ActiveCfg = Release|Any CPU
		{11899E3E-6B44-4FDC-928D-4C451708B734}.Release|Any CPU.Build.0 = Release|Any CPU
		{0B02863F-0A35-40C8-97B9-BD58AD1FF9EC}.Debug|Any CPU.ActiveCfg = Debug|Any CPU
		{0B02863F-0A35-40C8-97B9-BD58AD1FF9EC}.Debug|Any CPU.Build.0 = Debug|Any CPU
		{0B02863F-0A35-40C8-97B9-BD58AD1FF9EC}.Release|Any CPU.ActiveCfg = Release|Any CPU
		{0B02863F-0A35-40C8-97B9-BD58AD1FF9EC}.Release|Any CPU.Build.0 = Release|Any CPU
		{A375CB71-61E3-4F86-8D58-96EF10BFD9AF}.Debug|Any CPU.ActiveCfg = Debug|Any CPU
		{A375CB71-61E3-4F86-8D58-96EF10BFD9AF}.Debug|Any CPU.Build.0 = Debug|Any CPU
		{A375CB71-61E3-4F86-8D58-96EF10BFD9AF}.Release|Any CPU.ActiveCfg = Release|Any CPU
		{A375CB71-61E3-4F86-8D58-96EF10BFD9AF}.Release|Any CPU.Build.0 = Release|Any CPU
		{EEB16673-B260-431C-9E1F-682586AF047B}.Debug|Any CPU.ActiveCfg = Debug|Any CPU
		{EEB16673-B260-431C-9E1F-682586AF047B}.Debug|Any CPU.Build.0 = Debug|Any CPU
		{EEB16673-B260-431C-9E1F-682586AF047B}.Release|Any CPU.ActiveCfg = Release|Any CPU
		{EEB16673-B260-431C-9E1F-682586AF047B}.Release|Any CPU.Build.0 = Release|Any CPU
		{35698865-70E6-44AB-B987-82C150A42D84}.Debug|Any CPU.ActiveCfg = Debug|Any CPU
		{35698865-70E6-44AB-B987-82C150A42D84}.Debug|Any CPU.Build.0 = Debug|Any CPU
		{35698865-70E6-44AB-B987-82C150A42D84}.Release|Any CPU.ActiveCfg = Release|Any CPU
		{35698865-70E6-44AB-B987-82C150A42D84}.Release|Any CPU.Build.0 = Release|Any CPU
	EndGlobalSection
	GlobalSection(SolutionProperties) = preSolution
		HideSolutionNode = FALSE
	EndGlobalSection
	GlobalSection(ExtensibilityGlobals) = postSolution
		SolutionGuid = {901641A6-C648-4738-A880-40551C6DD21E}
	EndGlobalSection
EndGlobal
